<?xml version="1.0" encoding="utf-8"?>
<Project ToolsVersion="4.0" xmlns="http://schemas.microsoft.com/developer/msbuild/2003">
  <ItemGroup>
    <Filter Include="Source Files">
      <UniqueIdentifier>{4FC737F1-C7A5-4376-A066-2A32D752A2FF}</UniqueIdentifier>
      <Extensions>cpp;c;cc;cxx;c++;cppm;ixx;def;odl;idl;hpj;bat;asm;asmx</Extensions>
    </Filter>
    <Filter Include="Header Files">
      <UniqueIdentifier>{93995380-89BD-4b04-88EB-625FBE52EBFB}</UniqueIdentifier>
      <Extensions>h;hh;hpp;hxx;h++;hm;inl;inc;ipp;xsd</Extensions>
    </Filter>
    <Filter Include="Resource Files">
      <UniqueIdentifier>{67DA6AB6-F800-4c08-8B7A-83BB121AAD01}</UniqueIdentifier>
      <Extensions>rc;ico;cur;bmp;dlg;rc2;rct;bin;rgs;gif;jpg;jpeg;jpe;resx;tiff;tif;png;wav;mfcribbon-ms</Extensions>
    </Filter>
  </ItemGroup>
  <ItemGroup>
    <ClCompile Include="ItsyForth.cpp">
      <Filter>Source Files</Filter>
    </ClCompile>
    <ClCompile Include="Builder.cpp">
      <Filter>Source Files</Filter>
    </ClCompile>
    <ClCompile Include="Cell.cpp">
      <Filter>Source Files</Filter>
    </ClCompile>
    <ClCompile Include="Compiler.cpp">
      <Filter>Source Files</Filter>
    </ClCompile>
    <ClCompile Include="CoreDictionary.cpp">
      <Filter>Source Files</Filter>
    </ClCompile>
    <ClCompile Include="CountedString.cpp">
      <Filter>Source Files</Filter>
    </ClCompile>
    <ClCompile Include="Debug.cpp">
      <Filter>Source Files</Filter>
    </ClCompile>
    <ClCompile Include="DictionaryWord.cpp">
      <Filter>Source Files</Filter>
    </ClCompile>
    <ClCompile Include="Instruction.cpp">
      <Filter>Source Files</Filter>
    </ClCompile>
    <ClCompile Include="InterpreterBuilder.cpp">
      <Filter>Source Files</Filter>
    </ClCompile>
    <ClCompile Include="main.cpp">
      <Filter>Source Files</Filter>
    </ClCompile>
    <ClCompile Include="OpCode.cpp">
      <Filter>Source Files</Filter>
    </ClCompile>
    <ClCompile Include="Runtime.cpp">
      <Filter>Source Files</Filter>
    </ClCompile>
    <ClCompile Include="StructuredMemory.cpp">
      <Filter>Source Files</Filter>
    </ClCompile>
    <ClCompile Include="TermialIO.cpp">
      <Filter>Source Files</Filter>
    </ClCompile>
    <ClCompile Include="Terminal.cpp">
      <Filter>Source Files</Filter>
    </ClCompile>
  </ItemGroup>
  <ItemGroup>
    <ClInclude Include="Builder.hpp">
      <Filter>Source Files</Filter>
    </ClInclude>
    <ClInclude Include="Cell.hpp">
      <Filter>Source Files</Filter>
    </ClInclude>
    <ClInclude Include="Compiler.hpp">
      <Filter>Source Files</Filter>
    </ClInclude>
    <ClInclude Include="CoreDictionary.hpp">
      <Filter>Source Files</Filter>
    </ClInclude>
    <ClInclude Include="CountedString.hpp">
      <Filter>Source Files</Filter>
    </ClInclude>
    <ClInclude Include="Debug.hpp">
      <Filter>Source Files</Filter>
    </ClInclude>
    <ClInclude Include="DictionaryWord.hpp">
      <Filter>Source Files</Filter>
    </ClInclude>
    <ClInclude Include="Instruction.hpp">
      <Filter>Source Files</Filter>
    </ClInclude>
    <ClInclude Include="InterpreterBuilder.hpp">
      <Filter>Source Files</Filter>
    </ClInclude>
    <ClInclude Include="OpCode.hpp">
      <Filter>Source Files</Filter>
    </ClInclude>
    <ClInclude Include="Runtime.hpp">
      <Filter>Source Files</Filter>
    </ClInclude>
    <ClInclude Include="StructuredMemory.hpp">
      <Filter>Source Files</Filter>
    </ClInclude>
    <ClInclude Include="TermialIO.hpp">
      <Filter>Source Files</Filter>
    </ClInclude>
    <ClInclude Include="Terminal.hpp">
      <Filter>Source Files</Filter>
    </ClInclude>
  </ItemGroup>
</Project>